
Microsoft Visual Studio Solution File, Format Version 12.00
# Visual Studio Version 17
VisualStudioVersion = 17.14.37111.16
MinimumVisualStudioVersion = 10.0.40219.1
Project("{FAE04EC0-301F-11D3-BF4B-00C04F79EFBC}") = "WpfCiCdDemo", "WpfCiCdDemo\WpfCiCdDemo.csproj", "{BD3806D6-40B2-4F32-B276-43FFFEE0C4F5}"
EndProject
Project("{FAE04EC0-301F-11D3-BF4B-00C04F79EFBC}") = "WpfCiCdDemo.Tests", "WpfCiCdDemo.Tests\WpfCiCdDemo.Tests.csproj", "{774F333D-48B3-416E-B9BD-C817B8B87215}"
EndProject
Global
	GlobalSection(SolutionConfigurationPlatforms) = preSolution
		Debug|Any CPU = Debug|Any CPU
		Debug|x64 = Debug|x64
		Debug|x86 = Debug|x86
		Release|Any CPU = Release|Any CPU
		Release|x64 = Release|x64
		Release|x86 = Release|x86
	EndGlobalSection
	GlobalSection(ProjectConfigurationPlatforms) = postSolution
		{BD3806D6-40B2-4F32-B276-43FFFEE0C4F5}.Debug|Any CPU.ActiveCfg = Debug|Any CPU
		{BD3806D6-40B2-4F32-B276-43FFFEE0C4F5}.Debug|Any CPU.Build.0 = Debug|Any CPU
		{BD3806D6-40B2-4F32-B276-43FFFEE0C4F5}.Debug|x64.ActiveCfg = Debug|Any CPU
		{BD3806D6-40B2-4F32-B276-43FFFEE0C4F5}.Debug|x64.Build.0 = Debug|Any CPU
		{BD3806D6-40B2-4F32-B276-43FFFEE0C4F5}.Debug|x86.ActiveCfg = Debug|Any CPU
		{BD3806D6-40B2-4F32-B276-43FFFEE0C4F5}.Debug|x86.Build.0 = Debug|Any CPU
		{BD3806D6-40B2-4F32-B276-43FFFEE0C4F5}.Release|Any CPU.ActiveCfg = Release|Any CPU
		{BD3806D6-40B2-4F32-B276-43FFFEE0C4F5}.Release|Any CPU.Build.0 = Release|Any CPU
		{BD3806D6-40B2-4F32-B276-43FFFEE0C4F5}.Release|x64.ActiveCfg = Release|Any CPU
		{BD3806D6-40B2-4F32-B276-43FFFEE0C4F5}.Release|x64.Build.0 = Release|Any CPU
		{BD3806D6-40B2-4F32-B276-43FFFEE0C4F5}.Release|x86.ActiveCfg = Release|Any CPU
		{BD3806D6-40B2-4F32-B276-43FFFEE0C4F5}.Release|x86.Build.0 = Release|Any CPU
		{774F333D-48B3-416E-B9BD-C817B8B87215}.Debug|Any CPU.ActiveCfg = Debug|Any CPU
		{774F333D-48B3-416E-B9BD-C817B8B87215}.Debug|Any CPU.Build.0 = Debug|Any CPU
		{774F333D-48B3-416E-B9BD-C817B8B87215}.Debug|x64.ActiveCfg = Debug|Any CPU
		{774F333D-48B3-416E-B9BD-C817B8B87215}.Debug|x64.Build.0 = Debug|Any CPU
		{774F333D-48B3-416E-B9BD-C817B8B87215}.Debug|x86.ActiveCfg = Debug|Any CPU
		{774F333D-48B3-416E-B9BD-C817B8B87215}.Debug|x86.Build.0 = Debug|Any CPU
		{774F333D-48B3-416E-B9BD-C817B8B87215}.Release|Any CPU.ActiveCfg = Release|Any CPU
		{774F333D-48B3-416E-B9BD-C817B8B87215}.Release|Any CPU.Build.0 = Release|Any CPU
		{774F333D-48B3-416E-B9BD-C817B8B87215}.Release|x64.ActiveCfg = Release|Any CPU
		{774F333D-48B3-416E-B9BD-C817B8B87215}.Release|x64.Build.0 = Release|Any CPU
		{774F333D-48B3-416E-B9BD-C817B8B87215}.Release|x86.ActiveCfg = Release|Any CPU
		{774F333D-48B3-416E-B9BD-C817B8B87215}.Release|x86.Build.0 = Release|Any CPU
	EndGlobalSection
	GlobalSection(SolutionProperties) = preSolution
		HideSolutionNode = FALSE
	EndGlobalSection
	GlobalSection(ExtensibilityGlobals) = postSolution
		SolutionGuid = {0DD692B8-65C6-4ADB-968B-3BD03F2233E8}
	EndGlobalSection
EndGlobal
